
Microsoft Visual Studio Solution File, Format Version 12.00
# Visual Studio Version 16
VisualStudioVersion = 16.0.30011.22
MinimumVisualStudioVersion = 10.0.40219.1
Project("{FAE04EC0-301F-11D3-BF4B-00C04F79EFBC}") = "NutzCode.Libraries.PerceptualImage", "NutzCode.Libraries.PerceptualImage.csproj", "{642EE5B9-87FD-4E47-9025-AD7207696416}"
EndProject
Global
	GlobalSection(SolutionConfigurationPlatforms) = preSolution
		Debug|Any CPU = Debug|Any CPU
		Release|Any CPU = Release|Any CPU
	EndGlobalSection
	GlobalSection(ProjectConfigurationPlatforms) = postSolution
		{642EE5B9-87FD-4E47-9025-AD7207696416}.Debug|Any CPU.ActiveCfg = Debug|Any CPU
		{642EE5B9-87FD-4E47-9025-AD7207696416}.Debug|Any CPU.Build.0 = Debug|Any CPU
		{642EE5B9-87FD-4E47-9025-AD7207696416}.Release|Any CPU.ActiveCfg = Release|Any CPU
		{642EE5B9-87FD-4E47-9025-AD7207696416}.Release|Any CPU.Build.0 = Release|Any CPU
	EndGlobalSection
	GlobalSection(SolutionProperties) = preSolution
		HideSolutionNode = FALSE
	EndGlobalSection
	GlobalSection(ExtensibilityGlobals) = postSolution
		SolutionGuid = {DD7525AA-93BB-4F20-8399-545D9D1B21EA}
	EndGlobalSection
EndGlobal
